
Microsoft Visual Studio Solution File, Format Version 12.00
# Visual Studio Version 17
VisualStudioVersion = 17.1.32407.343
MinimumVisualStudioVersion = 10.0.40219.1
Project("{FAE04EC0-301F-11D3-BF4B-00C04F79EFBC}") = "Analyser", "Analyser\Analyser.csproj", "{E9255F02-1F1E-4511-8FC2-89C120C79E04}"
EndProject
Global
	GlobalSection(SolutionConfigurationPlatforms) = preSolution
		Debug|Any CPU = Debug|Any CPU
		Release|Any CPU = Release|Any CPU
	EndGlobalSection
	GlobalSection(ProjectConfigurationPlatforms) = postSolution
		{E9255F02-1F1E-4511-8FC2-89C120C79E04}.Debug|Any CPU.ActiveCfg = Debug|Any CPU
		{E9255F02-1F1E-4511-8FC2-89C120C79E04}.Debug|Any CPU.Build.0 = Debug|Any CPU
		{E9255F02-1F1E-4511-8FC2-89C120C79E04}.Release|Any CPU.ActiveCfg = Release|Any CPU
		{E9255F02-1F1E-4511-8FC2-89C120C79E04}.Release|Any CPU.Build.0 = Release|Any CPU
	EndGlobalSection
	GlobalSection(SolutionProperties) = preSolution
		HideSolutionNode = FALSE
	EndGlobalSection
	GlobalSection(ExtensibilityGlobals) = postSolution
		SolutionGuid = {F8B02F11-CB11-4737-B6A9-6B4AB6B89F10}
	EndGlobalSection
EndGlobal
